
Microsoft Visual Studio Solution File, Format Version 12.00
# Visual Studio Version 16
VisualStudioVersion = 16.0.32510.428
MinimumVisualStudioVersion = 10.0.40219.1
Project("{FAE04EC0-301F-11D3-BF4B-00C04F79EFBC}") = "Navegador", "Navegador\Navegador.csproj", "{47696C8E-C670-4D59-A8BE-747874DEDF99}"
EndProject
Global
	GlobalSection(SolutionConfigurationPlatforms) = preSolution
		Debug|Any CPU = Debug|Any CPU
		Release|Any CPU = Release|Any CPU
	EndGlobalSection
	GlobalSection(ProjectConfigurationPlatforms) = postSolution
		{47696C8E-C670-4D59-A8BE-747874DEDF99}.Debug|Any CPU.ActiveCfg = Debug|Any CPU
		{47696C8E-C670-4D59-A8BE-747874DEDF99}.Debug|Any CPU.Build.0 = Debug|Any CPU
		{47696C8E-C670-4D59-A8BE-747874DEDF99}.Release|Any CPU.ActiveCfg = Release|Any CPU
		{47696C8E-C670-4D59-A8BE-747874DEDF99}.Release|Any CPU.Build.0 = Release|Any CPU
	EndGlobalSection
	GlobalSection(SolutionProperties) = preSolution
		HideSolutionNode = FALSE
	EndGlobalSection
	GlobalSection(ExtensibilityGlobals) = postSolution
		SolutionGuid = {6DD6B3D3-8DDC-4FE3-A89C-EF7206086DE2}
	EndGlobalSection
EndGlobal
